// !$*UTF8*$!
{
	archiveVersion = 1;
	classes = {
	};
	objectVersion = 56;
	objects = {

/* Begin PBXBuildFile section */
		4717A2AC2B5EDD9E00297A55 /* TradingCardsApp.swift in Sources */ = {isa = PBXBuildFile; fileRef = 4717A2AB2B5EDD9E00297A55 /* TradingCardsApp.swift */; };
		4717A2AE2B5EDD9E00297A55 /* DetailView.swift in Sources */ = {isa = PBXBuildFile; fileRef = 4717A2AD2B5EDD9E00297A55 /* DetailView.swift */; };
		4717A2B02B5EDDA600297A55 /* Assets.xcassets in Resources */ = {isa = PBXBuildFile; fileRef = 4717A2AF2B5EDDA600297A55 /* Assets.xcassets */; };
		4717A2B32B5EDDA600297A55 /* Preview Assets.xcassets in Resources */ = {isa = PBXBuildFile; fileRef = 4717A2B22B5EDDA600297A55 /* Preview Assets.xcassets */; };
		4717A2BB2B609D8C00297A55 /* TradingCard.swift in Sources */ = {isa = PBXBuildFile; fileRef = 4717A2BA2B609D8C00297A55 /* TradingCard.swift */; };
		4717A2BD2B60A1A800297A55 /* ListItemView.swift in Sources */ = {isa = PBXBuildFile; fileRef = 4717A2BC2B60A1A800297A55 /* ListItemView.swift */; };
		476CF2602B6334DF00E23F43 /* ListView.swift in Sources */ = {isa = PBXBuildFile; fileRef = 476CF25F2B6334DF00E23F43 /* ListView.swift */; };
/* End PBXBuildFile section */

/* Begin PBXFileReference section */
		4717A2A82B5EDD9E00297A55 /* TradingCards.app */ = {isa = PBXFileReference; explicitFileType = wrapper.application; includeInIndex = 0; path = TradingCards.app; sourceTree = BUILT_PRODUCTS_DIR; };
		4717A2AB2B5EDD9E00297A55 /* TradingCardsApp.swift */ = {isa = PBXFileReference; lastKnownFileType = sourcecode.swift; path = TradingCardsApp.swift; sourceTree = "<group>"; };
		4717A2AD2B5EDD9E00297A55 /* DetailView.swift */ = {isa = PBXFileReference; lastKnownFileType = sourcecode.swift; path = DetailView.swift; sourceTree = "<group>"; };
		4717A2AF2B5EDDA600297A55 /* Assets.xcassets */ = {isa = PBXFileReference; lastKnownFileType = folder.assetcatalog; path = Assets.xcassets; sourceTree = "<group>"; };
		4717A2B22B5EDDA600297A55 /* Preview Assets.xcassets */ = {isa = PBXFileReference; lastKnownFileType = folder.assetcatalog; path = "Preview Assets.xcassets"; sourceTree = "<group>"; };
		4717A2B42B5EDDA600297A55 /* TradingCards.entitlements */ = {isa = PBXFileReference; lastKnownFileType = text.plist.entitlements; path = TradingCards.entitlements; sourceTree = "<group>"; };
		4717A2BA2B609D8C00297A55 /* TradingCard.swift */ = {isa = PBXFileReference; lastKnownFileType = sourcecode.swift; path = TradingCard.swift; sourceTree = "<group>"; };
		4717A2BC2B60A1A800297A55 /* ListItemView.swift */ = {isa = PBXFileReference; lastKnownFileType = sourcecode.swift; path = ListItemView.swift; sourceTree = "<group>"; };
		476CF25F2B6334DF00E23F43 /* ListView.swift */ = {isa = PBXFileReference; lastKnownFileType = sourcecode.swift; path = ListView.swift; sourceTree = "<group>"; };
/* End PBXFileReference section */

/* Begin PBXFrameworksBuildPhase section */
		4717A2A52B5EDD9E00297A55 /* Frameworks */ = {
			isa = PBXFrameworksBuildPhase;
			buildActionMask = 2147483647;
			files = (
			);
			runOnlyForDeploymentPostprocessing = 0;
		};
/* End PBXFrameworksBuildPhase section */

/* Begin PBXGroup section */
		4717A29F2B5EDD9E00297A55 = {
			isa = PBXGroup;
			children = (
				4717A2AA2B5EDD9E00297A55 /* TradingCards */,
				4717A2A92B5EDD9E00297A55 /* Products */,
			);
			sourceTree = "<group>";
		};
		4717A2A92B5EDD9E00297A55 /* Products */ = {
			isa = PBXGroup;
			children = (
				4717A2A82B5EDD9E00297A55 /* TradingCards.app */,
			);
			name = Products;
			sourceTree = "<group>";
		};
		4717A2AA2B5EDD9E00297A55 /* TradingCards */ = {
			isa = PBXGroup;
			children = (
				4717A2AB2B5EDD9E00297A55 /* TradingCardsApp.swift */,
				476CF2612B6403FD00E23F43 /* Model */,
				476CF2622B64040900E23F43 /* Views */,
				4717A2AF2B5EDDA600297A55 /* Assets.xcassets */,
				4717A2B42B5EDDA600297A55 /* TradingCards.entitlements */,
				4717A2B12B5EDDA600297A55 /* Preview Content */,
			);
			path = TradingCards;
			sourceTree = "<group>";
		};
		4717A2B12B5EDDA600297A55 /* Preview Content */ = {
			isa = PBXGroup;
			children = (
				4717A2B22B5EDDA600297A55 /* Preview Assets.xcassets */,
			);
			path = "Preview Content";
			sourceTree = "<group>";
		};
		476CF2612B6403FD00E23F43 /* Model */ = {
			isa = PBXGroup;
			children = (
				4717A2BA2B609D8C00297A55 /* TradingCard.swift */,
			);
			path = Model;
			sourceTree = "<group>";
		};
		476CF2622B64040900E23F43 /* Views */ = {
			isa = PBXGroup;
			children = (
				4717A2BC2B60A1A800297A55 /* ListItemView.swift */,
				476CF25F2B6334DF00E23F43 /* ListView.swift */,
				4717A2AD2B5EDD9E00297A55 /* DetailView.swift */,
			);
			path = Views;
			sourceTree = "<group>";
		};
/* End PBXGroup section */

/* Begin PBXNativeTarget section */
		4717A2A72B5EDD9E00297A55 /* TradingCards */ = {
			isa = PBXNativeTarget;
			buildConfigurationList = 4717A2B72B5EDDA600297A55 /* Build configuration list for PBXNativeTarget "TradingCards" */;
			buildPhases = (
				4717A2A42B5EDD9E00297A55 /* Sources */,
				4717A2A52B5EDD9E00297A55 /* Frameworks */,
				4717A2A62B5EDD9E00297A55 /* Resources */,
			);
			buildRules = (
			);
			dependencies = (
			);
			name = TradingCards;
			productName = TradingCards;
			productReference = 4717A2A82B5EDD9E00297A55 /* TradingCards.app */;
			productType = "com.apple.product-type.application";
		};
/* End PBXNativeTarget section */

/* Begin PBXProject section */
		4717A2A02B5EDD9E00297A55 /* Project object */ = {
			isa = PBXProject;
			attributes = {
				BuildIndependentTargetsInParallel = 1;
				LastSwiftUpdateCheck = 1520;
				LastUpgradeCheck = 1520;
				TargetAttributes = {
					4717A2A72B5EDD9E00297A55 = {
						CreatedOnToolsVersion = 15.2;
					};
				};
			};
			buildConfigurationList = 4717A2A32B5EDD9E00297A55 /* Build configuration list for PBXProject "TradingCards" */;
			compatibilityVersion = "Xcode 14.0";
			developmentRegion = en;
			hasScannedForEncodings = 0;
			knownRegions = (
				en,
				Base,
			);
			mainGroup = 4717A29F2B5EDD9E00297A55;
			productRefGroup = 4717A2A92B5EDD9E00297A55 /* Products */;
			projectDirPath = "";
			projectRoot = "";
			targets = (
				4717A2A72B5EDD9E00297A55 /* TradingCards */,
			);
		};
/* End PBXProject section */

/* Begin PBXResourcesBuildPhase section */
		4717A2A62B5EDD9E00297A55 /* Resources */ = {
			isa = PBXResourcesBuildPhase;
			buildActionMask = 2147483647;
			files = (
				4717A2B32B5EDDA600297A55 /* Preview Assets.xcassets in Resources */,
				4717A2B02B5EDDA600297A55 /* Assets.xcassets in Resources */,
			);
			runOnlyForDeploymentPostprocessing = 0;
		};
/* End PBXResourcesBuildPhase section */

/* Begin PBXSourcesBuildPhase section */
		4717A2A42B5EDD9E00297A55 /* Sources */ = {
			isa = PBXSourcesBuildPhase;
			buildActionMask = 2147483647;
			files = (
				4717A2BD2B60A1A800297A55 /* ListItemView.swift in Sources */,
				4717A2AE2B5EDD9E00297A55 /* DetailView.swift in Sources */,
				476CF2602B6334DF00E23F43 /* ListView.swift in Sources */,
				4717A2AC2B5EDD9E00297A55 /* TradingCardsApp.swift in Sources */,
				4717A2BB2B609D8C00297A55 /* TradingCard.swift in Sources */,
			);
			runOnlyForDeploymentPostprocessing = 0;
		};
/* End PBXSourcesBuildPhase section */

/* Begin XCBuildConfiguration section */
		4717A2B52B5EDDA600297A55 /* Debug */ = {
			isa = XCBuildConfiguration;
			buildSettings = {
				ALWAYS_SEARCH_USER_PATHS = NO;
				ASSETCATALOG_COMPILER_GENERATE_SWIFT_ASSET_SYMBOL_EXTENSIONS = YES;
				CLANG_ANALYZER_NONNULL = YES;
				CLANG_ANALYZER_NUMBER_OBJECT_CONVERSION = YES_AGGRESSIVE;
				CLANG_CXX_LANGUAGE_STANDARD = "gnu++20";
				CLANG_ENABLE_MODULES = YES;
				CLANG_ENABLE_OBJC_ARC = YES;
				CLANG_ENABLE_OBJC_WEAK = YES;
				CLANG_WARN_BLOCK_CAPTURE_AUTORELEASING = YES;
				CLANG_WARN_BOOL_CONVERSION = YES;
				CLANG_WARN_COMMA = YES;
				CLANG_WARN_CONSTANT_CONVERSION = YES;
				CLANG_WARN_DEPRECATED_OBJC_IMPLEMENTATIONS = YES;
				CLANG_WARN_DIRECT_OBJC_ISA_USAGE = YES_ERROR;
				CLANG_WARN_DOCUMENTATION_COMMENTS = YES;
				CLANG_WARN_EMPTY_BODY = YES;
				CLANG_WARN_ENUM_CONVERSION = YES;
				CLANG_WARN_INFINITE_RECURSION = YES;
				CLANG_WARN_INT_CONVERSION = YES;
				CLANG_WARN_NON_LITERAL_NULL_CONVERSION = YES;
				CLANG_WARN_OBJC_IMPLICIT_RETAIN_SELF = YES;
				CLANG_WARN_OBJC_LITERAL_CONVERSION = YES;
				CLANG_WARN_OBJC_ROOT_CLASS = YES_ERROR;
				CLANG_WARN_QUOTED_INCLUDE_IN_FRAMEWORK_HEADER = YES;
				CLANG_WARN_RANGE_LOOP_ANALYSIS = YES;
				CLANG_WARN_STRICT_PROTOTYPES = YES;
				CLANG_WARN_SUSPICIOUS_MOVE = YES;
				CLANG_WARN_UNGUARDED_AVAILABILITY = YES_AGGRESSIVE;
				CLANG_WARN_UNREACHABLE_CODE = YES;
				CLANG_WARN__DUPLICATE_METHOD_MATCH = YES;
				COPY_PHASE_STRIP = NO;
				DEBUG_INFORMATION_FORMAT = dwarf;
				ENABLE_STRICT_OBJC_MSGSEND = YES;
				ENABLE_TESTABILITY = YES;
				ENABLE_USER_SCRIPT_SANDBOXING = YES;
				GCC_C_LANGUAGE_STANDARD = gnu17;
				GCC_DYNAMIC_NO_PIC = NO;
				GCC_NO_COMMON_BLOCKS = YES;
				GCC_OPTIMIZATION_LEVEL = 0;
				GCC_PREPROCESSOR_DEFINITIONS = (
					"DEBUG=1",
					"$(inherited)",
				);
				GCC_WARN_64_TO_32_BIT_CONVERSION = YES;
				GCC_WARN_ABOUT_RETURN_TYPE = YES_ERROR;
				GCC_WARN_UNDECLARED_SELECTOR = YES;
				GCC_WARN_UNINITIALIZED_AUTOS = YES_AGGRESSIVE;
				GCC_WARN_UNUSED_FUNCTION = YES;
				GCC_WARN_UNUSED_VARIABLE = YES;
				LOCALIZATION_PREFERS_STRING_CATALOGS = YES;
				MACOSX_DEPLOYMENT_TARGET = 14.0;
				MTL_ENABLE_DEBUG_INFO = INCLUDE_SOURCE;
				MTL_FAST_MATH = YES;
				ONLY_ACTIVE_ARCH = YES;
				SDKROOT = macosx;
				SWIFT_ACTIVE_COMPILATION_CONDITIONS = "DEBUG $(inherited)";
				SWIFT_OPTIMIZATION_LEVEL = "-Onone";
			};
			name = Debug;
		};
		4717A2B62B5EDDA600297A55 /* Release */ = {
			isa = XCBuildConfiguration;
			buildSettings = {
				ALWAYS_SEARCH_USER_PATHS = NO;
				ASSETCATALOG_COMPILER_GENERATE_SWIFT_ASSET_SYMBOL_EXTENSIONS = YES;
				CLANG_ANALYZER_NONNULL = YES;
				CLANG_ANALYZER_NUMBER_OBJECT_CONVERSION = YES_AGGRESSIVE;
				CLANG_CXX_LANGUAGE_STANDARD = "gnu++20";
				CLANG_ENABLE_MODULES = YES;
				CLANG_ENABLE_OBJC_ARC = YES;
				CLANG_ENABLE_OBJC_WEAK = YES;
				CLANG_WARN_BLOCK_CAPTURE_AUTORELEASING = YES;
				CLANG_WARN_BOOL_CONVERSION = YES;
				CLANG_WARN_COMMA = YES;
				CLANG_WARN_CONSTANT_CONVERSION = YES;
				CLANG_WARN_DEPRECATED_OBJC_IMPLEMENTATIONS = YES;
				CLANG_WARN_DIRECT_OBJC_ISA_USAGE = YES_ERROR;
				CLANG_WARN_DOCUMENTATION_COMMENTS = YES;
				CLANG_WARN_EMPTY_BODY = YES;
				CLANG_WARN_ENUM_CONVERSION = YES;
				CLANG_WARN_INFINITE_RECURSION = YES;
				CLANG_WARN_INT_CONVERSION = YES;
				CLANG_WARN_NON_LITERAL_NULL_CONVERSION = YES;
				CLANG_WARN_OBJC_IMPLICIT_RETAIN_SELF = YES;
				CLANG_WARN_OBJC_LITERAL_CONVERSION = YES;
				CLANG_WARN_OBJC_ROOT_CLASS = YES_ERROR;
				CLANG_WARN_QUOTED_INCLUDE_IN_FRAMEWORK_HEADER = YES;
				CLANG_WARN_RANGE_LOOP_ANALYSIS = YES;
				CLANG_WARN_STRICT_PROTOTYPES = YES;
				CLANG_WARN_SUSPICIOUS_MOVE = YES;
				CLANG_WARN_UNGUARDED_AVAILABILITY = YES_AGGRESSIVE;
				CLANG_WARN_UNREACHABLE_CODE = YES;
				CLANG_WARN__DUPLICATE_METHOD_MATCH = YES;
				COPY_PHASE_STRIP = NO;
				DEBUG_INFORMATION_FORMAT = "dwarf-with-dsym";
				ENABLE_NS_ASSERTIONS = NO;
				ENABLE_STRICT_OBJC_MSGSEND = YES;
				ENABLE_USER_SCRIPT_SANDBOXING = YES;
				GCC_C_LANGUAGE_STANDARD = gnu17;
				GCC_NO_COMMON_BLOCKS = YES;
				GCC_WARN_64_TO_32_BIT_CONVERSION = YES;
				GCC_WARN_ABOUT_RETURN_TYPE = YES_ERROR;
				GCC_WARN_UNDECLARED_SELECTOR = YES;
				GCC_WARN_UNINITIALIZED_AUTOS = YES_AGGRESSIVE;
				GCC_WARN_UNUSED_FUNCTION = YES;
				GCC_WARN_UNUSED_VARIABLE = YES;
				LOCALIZATION_PREFERS_STRING_CATALOGS = YES;
				MACOSX_DEPLOYMENT_TARGET = 14.0;
				MTL_ENABLE_DEBUG_INFO = NO;
				MTL_FAST_MATH = YES;
				SDKROOT = macosx;
				SWIFT_COMPILATION_MODE = wholemodule;
			};
			name = Release;
		};
		4717A2B82B5EDDA600297A55 /* Debug */ = {
			isa = XCBuildConfiguration;
			buildSettings = {
				ASSETCATALOG_COMPILER_APPICON_NAME = AppIcon;
				ASSETCATALOG_COMPILER_GLOBAL_ACCENT_COLOR_NAME = AccentColor;
				CODE_SIGN_ENTITLEMENTS = TradingCards/TradingCards.entitlements;
				CODE_SIGN_STYLE = Automatic;
				COMBINE_HIDPI_IMAGES = YES;
				CURRENT_PROJECT_VERSION = 1;
				DEVELOPMENT_ASSET_PATHS = "\"TradingCards/Preview Content\"";
				DEVELOPMENT_TEAM = 9P92562BVD;
				ENABLE_HARDENED_RUNTIME = YES;
				ENABLE_PREVIEWS = YES;
				GENERATE_INFOPLIST_FILE = YES;
				INFOPLIST_KEY_NSHumanReadableCopyright = "";
				LD_RUNPATH_SEARCH_PATHS = (
					"$(inherited)",
					"@executable_path/../Frameworks",
				);
				MARKETING_VERSION = 1.0;
				PRODUCT_BUNDLE_IDENTIFIER = ca.pabloalvarado.TradingCards;
				PRODUCT_NAME = "$(TARGET_NAME)";
				SWIFT_EMIT_LOC_STRINGS = YES;
				SWIFT_VERSION = 5.0;
			};
			name = Debug;
		};
		4717A2B92B5EDDA600297A55 /* Release */ = {
			isa = XCBuildConfiguration;
			buildSettings = {
				ASSETCATALOG_COMPILER_APPICON_NAME = AppIcon;
				ASSETCATALOG_COMPILER_GLOBAL_ACCENT_COLOR_NAME = AccentColor;
				CODE_SIGN_ENTITLEMENTS = TradingCards/TradingCards.entitlements;
				CODE_SIGN_STYLE = Automatic;
				COMBINE_HIDPI_IMAGES = YES;
				CURRENT_PROJECT_VERSION = 1;
				DEVELOPMENT_ASSET_PATHS = "\"TradingCards/Preview Content\"";
				DEVELOPMENT_TEAM = 9P92562BVD;
				ENABLE_HARDENED_RUNTIME = YES;
				ENABLE_PREVIEWS = YES;
				GENERATE_INFOPLIST_FILE = YES;
				INFOPLIST_KEY_NSHumanReadableCopyright = "";
				LD_RUNPATH_SEARCH_PATHS = (
					"$(inherited)",
					"@executable_path/../Frameworks",
				);
				MARKETING_VERSION = 1.0;
				PRODUCT_BUNDLE_IDENTIFIER = ca.pabloalvarado.TradingCards;
				PRODUCT_NAME = "$(TARGET_NAME)";
				SWIFT_EMIT_LOC_STRINGS = YES;
				SWIFT_VERSION = 5.0;
			};
			name = Release;
		};
/* End XCBuildConfiguration section */

/* Begin XCConfigurationList section */
		4717A2A32B5EDD9E00297A55 /* Build configuration list for PBXProject "TradingCards" */ = {
			isa = XCConfigurationList;
			buildConfigurations = (
				4717A2B52B5EDDA600297A55 /* Debug */,
				4717A2B62B5EDDA600297A55 /* Release */,
			);
			defaultConfigurationIsVisible = 0;
			defaultConfigurationName = Release;
		};
		4717A2B72B5EDDA600297A55 /* Build configuration list for PBXNativeTarget "TradingCards" */ = {
			isa = XCConfigurationList;
			buildConfigurations = (
				4717A2B82B5EDDA600297A55 /* Debug */,
				4717A2B92B5EDDA600297A55 /* Release */,
			);
			defaultConfigurationIsVisible = 0;
			defaultConfigurationName = Release;
		};
/* End XCConfigurationList section */
	};
	rootObject = 4717A2A02B5EDD9E00297A55 /* Project object */;
}
